# THIS IS AN AUTOGENERATED FILE. DO NOT EDIT THIS FILE DIRECTLY.
# yarn lockfile v1


events@^1.0.2:
  version "1.1.1"
  resolved "https://registry.yarnpkg.com/events/-/events-1.1.1.tgz#9ebdb7635ad099c70dcc4c2a1f5004288e8bd924"

k-react-native-core@^0.0.2-alpha.2:
  version "0.0.2-alpha.2"
  resolved "https://registry.yarnpkg.com/k-react-native-core/-/k-react-native-core-0.0.2-alpha.2.tgz#ded6472b2c32aab55ef91f48ca3d91dbdf635237"
  dependencies:
    events "^1.0.2"
